
Microsoft Visual Studio Solution File, Format Version 12.00
# Visual Studio Version 16
VisualStudioVersion = 16.0.29509.3
MinimumVisualStudioVersion = 10.0.40219.1
Project("{FAE04EC0-301F-11D3-BF4B-00C04F79EFBC}") = "DojoScraper", "DojoScraper.csproj", "{DC890ECE-E4F0-47FA-B6F1-047128848A42}"
EndProject
Global
	GlobalSection(SolutionConfigurationPlatforms) = preSolution
		Debug|Any CPU = Debug|Any CPU
		Release|Any CPU = Release|Any CPU
	EndGlobalSection
	GlobalSection(ProjectConfigurationPlatforms) = postSolution
		{DC890ECE-E4F0-47FA-B6F1-047128848A42}.Debug|Any CPU.ActiveCfg = Debug|Any CPU
		{DC890ECE-E4F0-47FA-B6F1-047128848A42}.Debug|Any CPU.Build.0 = Debug|Any CPU
		{DC890ECE-E4F0-47FA-B6F1-047128848A42}.Release|Any CPU.ActiveCfg = Release|Any CPU
		{DC890ECE-E4F0-47FA-B6F1-047128848A42}.Release|Any CPU.Build.0 = Release|Any CPU
	EndGlobalSection
	GlobalSection(SolutionProperties) = preSolution
		HideSolutionNode = FALSE
	EndGlobalSection
	GlobalSection(ExtensibilityGlobals) = postSolution
		SolutionGuid = {4DD80698-6AA6-48D1-872F-75334C4CBF27}
	EndGlobalSection
EndGlobal
